
Microsoft Visual Studio Solution File, Format Version 12.00
# Visual Studio Version 16
VisualStudioVersion = 16.0.31105.61
MinimumVisualStudioVersion = 10.0.40219.1
Project("{FAE04EC0-301F-11D3-BF4B-00C04F79EFBC}") = "DotNetCoreWithAngular", "DotNetCoreWithAngular.csproj", "{E5917737-F7ED-4C8C-A578-DAA532733AB6}"
EndProject
Global
	GlobalSection(SolutionConfigurationPlatforms) = preSolution
		Debug|Any CPU = Debug|Any CPU
		Release|Any CPU = Release|Any CPU
	EndGlobalSection
	GlobalSection(ProjectConfigurationPlatforms) = postSolution
		{E5917737-F7ED-4C8C-A578-DAA532733AB6}.Debug|Any CPU.ActiveCfg = Debug|Any CPU
		{E5917737-F7ED-4C8C-A578-DAA532733AB6}.Debug|Any CPU.Build.0 = Debug|Any CPU
		{E5917737-F7ED-4C8C-A578-DAA532733AB6}.Release|Any CPU.ActiveCfg = Release|Any CPU
		{E5917737-F7ED-4C8C-A578-DAA532733AB6}.Release|Any CPU.Build.0 = Release|Any CPU
	EndGlobalSection
	GlobalSection(SolutionProperties) = preSolution
		HideSolutionNode = FALSE
	EndGlobalSection
	GlobalSection(ExtensibilityGlobals) = postSolution
		SolutionGuid = {C0B046FD-9AC6-4E9C-AA8E-0679DA1A2949}
	EndGlobalSection
EndGlobal
